PODS:
  - AFNetworking (2.6.3):
    - AFNetworking/NSURLConnection (= 2.6.3)
    - AFNetworking/NSURLSession (= 2.6.3)
    - AFNetworking/Reachability (= 2.6.3)
    - AFNetworking/Security (= 2.6.3)
    - AFNetworking/Serialization (= 2.6.3)
    - AFNetworking/UIKit (= 2.6.3)
  - AFNetworking/NSURLConnection (2.6.3):
    - AFNetworking/Reachability
    - AFNetworking/Security
    - AFNetworking/Serialization
  - AFNetworking/NSURLSession (2.6.3):
    - AFNetworking/Reachability
    - AFNetworking/Security
    - AFNetworking/Serialization
  - AFNetworking/Reachability (2.6.3)
  - AFNetworking/Security (2.6.3)
  - AFNetworking/Serialization (2.6.3)
  - AFNetworking/UIKit (2.6.3):
    - AFNetworking/NSURLConnection
    - AFNetworking/NSURLSession
  - Bolts (1.6.0):
    - Bolts/AppLinks (= 1.6.0)
    - Bolts/Tasks (= 1.6.0)
  - Bolts/AppLinks (1.6.0):
    - Bolts/Tasks
  - Bolts/Tasks (1.6.0)
  - FBSDKCoreKit (4.9.0):
    - Bolts (~> 1.5)
  - FBSDKLoginKit (4.9.0):
    - FBSDKCoreKit
  - FBSDKShareKit (4.9.0):
    - FBSDKCoreKit
  - Parse (1.12.0):
    - Bolts/Tasks (~> 1.5)
  - ParseFacebookUtilsV4 (1.11.0):
    - Bolts/Tasks (>= 1.5)
    - FBSDKCoreKit (~> 4.9.0-beta)
    - FBSDKLoginKit (~> 4.9.0-beta)
    - FBSDKTVOSKit (~> 4.9.0-beta)
    - Parse (~> 1.11)
  - UberRides (0.1.1)

DEPENDENCIES:
  - AFNetworking (~> 2.0)
  - FBSDKCoreKit
  - FBSDKLoginKit
  - FBSDKShareKit
  - Parse
  - ParseFacebookUtilsV4 (~> 1.2)
  - UberRides

SPEC CHECKSUMS:
  AFNetworking: cb8d14a848e831097108418f5d49217339d4eb60
  Bolts: f52a250053bb517ca874523c3913776359ab3def
  FBSDKCoreKit: c4f25d27949a6ac80206063804d12ad1c7879612
  FBSDKLoginKit: d46210c3955d69337c61325327f486ca50a8661f
  FBSDKShareKit: c2e0050cf7e8f1309b0da65b0bfebfcd66712a2b
  Parse: de2c52a9a1421b91ae7594ab8ce191afd184f19b
  ParseFacebookUtilsV4: 216e03bd560404eed09a4875c75f0c1cdf758070
  UberRides: cc842fb6202cd97e88b552ca4972770fe1a3df6d

COCOAPODS: 0.39.0
